
Microsoft Visual Studio Solution File, Format Version 12.00
# Visual Studio 15
VisualStudioVersion = 15.0.28307.136
MinimumVisualStudioVersion = 10.0.40219.1
Project("{FAE04EC0-301F-11D3-BF4B-00C04F79EFBC}") = "J111", "J111\J111.csproj", "{1349A72B-202C-41A6-9DA5-935B7B5DF07D}"
EndProject
Global
	GlobalSection(SolutionConfigurationPlatforms) = preSolution
		Debug|Any CPU = Debug|Any CPU
		Release|Any CPU = Release|Any CPU
	EndGlobalSection
	GlobalSection(ProjectConfigurationPlatforms) = postSolution
		{1349A72B-202C-41A6-9DA5-935B7B5DF07D}.Debug|Any CPU.ActiveCfg = Debug|Any CPU
		{1349A72B-202C-41A6-9DA5-935B7B5DF07D}.Debug|Any CPU.Build.0 = Debug|Any CPU
		{1349A72B-202C-41A6-9DA5-935B7B5DF07D}.Release|Any CPU.ActiveCfg = Release|Any CPU
		{1349A72B-202C-41A6-9DA5-935B7B5DF07D}.Release|Any CPU.Build.0 = Release|Any CPU
	EndGlobalSection
	GlobalSection(SolutionProperties) = preSolution
		HideSolutionNode = FALSE
	EndGlobalSection
	GlobalSection(ExtensibilityGlobals) = postSolution
		SolutionGuid = {E2CFAA67-E174-410B-BFF1-1533DA269A26}
	EndGlobalSection
EndGlobal
